
Microsoft Visual Studio Solution File, Format Version 12.00
# Visual Studio Version 17
VisualStudioVersion = 17.9.34728.123
MinimumVisualStudioVersion = 10.0.40219.1
Project("{FAE04EC0-301F-11D3-BF4B-00C04F79EFBC}") = "ejercicio_api", "ejercicio_api\ejercicio_api.csproj", "{FADF0933-47F7-4CF8-A7ED-FD28DE65889C}"
EndProject
Global
	GlobalSection(SolutionConfigurationPlatforms) = preSolution
		Debug|Any CPU = Debug|Any CPU
		Release|Any CPU = Release|Any CPU
	EndGlobalSection
	GlobalSection(ProjectConfigurationPlatforms) = postSolution
		{FADF0933-47F7-4CF8-A7ED-FD28DE65889C}.Debug|Any CPU.ActiveCfg = Debug|Any CPU
		{FADF0933-47F7-4CF8-A7ED-FD28DE65889C}.Debug|Any CPU.Build.0 = Debug|Any CPU
		{FADF0933-47F7-4CF8-A7ED-FD28DE65889C}.Release|Any CPU.ActiveCfg = Release|Any CPU
		{FADF0933-47F7-4CF8-A7ED-FD28DE65889C}.Release|Any CPU.Build.0 = Release|Any CPU
	EndGlobalSection
	GlobalSection(SolutionProperties) = preSolution
		HideSolutionNode = FALSE
	EndGlobalSection
	GlobalSection(ExtensibilityGlobals) = postSolution
		SolutionGuid = {B9FB83D5-F9C7-49AB-8DFE-E5C2651855C3}
	EndGlobalSection
EndGlobal
